// !$*UTF8*$!
{
	archiveVersion = 1;
	classes = {
	};
	objectVersion = 51;
	objects = {

/* Begin PBXBuildFile section */
		1661DB13C27FF0604E2F5C3F /* Pods_HikakuKun.framework in Frameworks */ = {isa = PBXBuildFile; fileRef = F658453B2C01A20502952D2C /* Pods_HikakuKun.framework */; };
		434D599724CD64C0007FEEFC /* AppDelegate.swift in Sources */ = {isa = PBXBuildFile; fileRef = 434D599624CD64C0007FEEFC /* AppDelegate.swift */; };
		434D599924CD64C0007FEEFC /* SceneDelegate.swift in Sources */ = {isa = PBXBuildFile; fileRef = 434D599824CD64C0007FEEFC /* SceneDelegate.swift */; };
		434D599B24CD64C0007FEEFC /* ViewController.swift in Sources */ = {isa = PBXBuildFile; fileRef = 434D599A24CD64C0007FEEFC /* ViewController.swift */; };
		434D59A024CD64C4007FEEFC /* Assets.xcassets in Resources */ = {isa = PBXBuildFile; fileRef = 434D599F24CD64C4007FEEFC /* Assets.xcassets */; };
		434D59A324CD64C4007FEEFC /* LaunchScreen.storyboard in Resources */ = {isa = PBXBuildFile; fileRef = 434D59A124CD64C4007FEEFC /* LaunchScreen.storyboard */; };
		434D59AD24CD6E4F007FEEFC /* CompareContentsRealm.swift in Sources */ = {isa = PBXBuildFile; fileRef = 434D59AC24CD6E4F007FEEFC /* CompareContentsRealm.swift */; };
		434D59AF24CD7286007FEEFC /* CompareItemRealm.swift in Sources */ = {isa = PBXBuildFile; fileRef = 434D59AE24CD7286007FEEFC /* CompareItemRealm.swift */; };
		434D59B124CD88DE007FEEFC /* CompareMainVC.swift in Sources */ = {isa = PBXBuildFile; fileRef = 434D59B024CD88DE007FEEFC /* CompareMainVC.swift */; };
		434D59B424CDAC32007FEEFC /* PublicConstantValues.swift in Sources */ = {isa = PBXBuildFile; fileRef = 434D59B324CDAC32007FEEFC /* PublicConstantValues.swift */; };
		434D59B624D69332007FEEFC /* CommonMethods.swift in Sources */ = {isa = PBXBuildFile; fileRef = 434D59B524D69332007FEEFC /* CommonMethods.swift */; };
		434D59B824D6CEF4007FEEFC /* PublicValues.swift in Sources */ = {isa = PBXBuildFile; fileRef = 434D59B724D6CEF4007FEEFC /* PublicValues.swift */; };
/* End PBXBuildFile section */

/* Begin PBXFileReference section */
		434D599324CD64C0007FEEFC /* 比較くん.app */ = {isa = PBXFileReference; explicitFileType = wrapper.application; includeInIndex = 0; path = "比較くん.app"; sourceTree = BUILT_PRODUCTS_DIR; };
		434D599624CD64C0007FEEFC /* AppDelegate.swift */ = {isa = PBXFileReference; lastKnownFileType = sourcecode.swift; path = AppDelegate.swift; sourceTree = "<group>"; };
		434D599824CD64C0007FEEFC /* SceneDelegate.swift */ = {isa = PBXFileReference; lastKnownFileType = sourcecode.swift; path = SceneDelegate.swift; sourceTree = "<group>"; };
		434D599A24CD64C0007FEEFC /* ViewController.swift */ = {isa = PBXFileReference; lastKnownFileType = sourcecode.swift; path = ViewController.swift; sourceTree = "<group>"; };
		434D599F24CD64C4007FEEFC /* Assets.xcassets */ = {isa = PBXFileReference; lastKnownFileType = folder.assetcatalog; path = Assets.xcassets; sourceTree = "<group>"; };
		434D59A224CD64C4007FEEFC /* Base */ = {isa = PBXFileReference; lastKnownFileType = file.storyboard; name = Base; path = Base.lproj/LaunchScreen.storyboard; sourceTree = "<group>"; };
		434D59A424CD64C4007FEEFC /* Info.plist */ = {isa = PBXFileReference; lastKnownFileType = text.plist.xml; path = Info.plist; sourceTree = "<group>"; };
		434D59AC24CD6E4F007FEEFC /* CompareContentsRealm.swift */ = {isa = PBXFileReference; lastKnownFileType = sourcecode.swift; path = CompareContentsRealm.swift; sourceTree = "<group>"; };
		434D59AE24CD7286007FEEFC /* CompareItemRealm.swift */ = {isa = PBXFileReference; lastKnownFileType = sourcecode.swift; path = CompareItemRealm.swift; sourceTree = "<group>"; };
		434D59B024CD88DE007FEEFC /* CompareMainVC.swift */ = {isa = PBXFileReference; lastKnownFileType = sourcecode.swift; path = CompareMainVC.swift; sourceTree = "<group>"; };
		434D59B324CDAC32007FEEFC /* PublicConstantValues.swift */ = {isa = PBXFileReference; lastKnownFileType = sourcecode.swift; path = PublicConstantValues.swift; sourceTree = "<group>"; };
		434D59B524D69332007FEEFC /* CommonMethods.swift */ = {isa = PBXFileReference; lastKnownFileType = sourcecode.swift; path = CommonMethods.swift; sourceTree = "<group>"; };
		434D59B724D6CEF4007FEEFC /* PublicValues.swift */ = {isa = PBXFileReference; lastKnownFileType = sourcecode.swift; path = PublicValues.swift; sourceTree = "<group>"; };
		6E59BC89F815C39CF38F7197 /* Pods-HikakuKun.release.xcconfig */ = {isa = PBXFileReference; includeInIndex = 1; lastKnownFileType = text.xcconfig; name = "Pods-HikakuKun.release.xcconfig"; path = "Target Support Files/Pods-HikakuKun/Pods-HikakuKun.release.xcconfig"; sourceTree = "<group>"; };
		D8B131504AD174BD0970FBB2 /* Pods-HikakuKun.debug.xcconfig */ = {isa = PBXFileReference; includeInIndex = 1; lastKnownFileType = text.xcconfig; name = "Pods-HikakuKun.debug.xcconfig"; path = "Target Support Files/Pods-HikakuKun/Pods-HikakuKun.debug.xcconfig"; sourceTree = "<group>"; };
		F658453B2C01A20502952D2C /* Pods_HikakuKun.framework */ = {isa = PBXFileReference; explicitFileType = wrapper.framework; includeInIndex = 0; path = Pods_HikakuKun.framework; sourceTree = BUILT_PRODUCTS_DIR; };
/* End PBXFileReference section */

/* Begin PBXFrameworksBuildPhase section */
		434D599024CD64C0007FEEFC /* Frameworks */ = {
			isa = PBXFrameworksBuildPhase;
			buildActionMask = 2147483647;
			files = (
				1661DB13C27FF0604E2F5C3F /* Pods_HikakuKun.framework in Frameworks */,
			);
			runOnlyForDeploymentPostprocessing = 0;
		};
/* End PBXFrameworksBuildPhase section */

/* Begin PBXGroup section */
		07A44F0F8C1CCFA32E20A5B3 /* Frameworks */ = {
			isa = PBXGroup;
			children = (
				F658453B2C01A20502952D2C /* Pods_HikakuKun.framework */,
			);
			name = Frameworks;
			sourceTree = "<group>";
		};
		434D598A24CD64C0007FEEFC = {
			isa = PBXGroup;
			children = (
				434D599524CD64C0007FEEFC /* HikakuKun */,
				434D599424CD64C0007FEEFC /* Products */,
				E1C9B48DDC34D01A4B21240C /* Pods */,
				07A44F0F8C1CCFA32E20A5B3 /* Frameworks */,
			);
			sourceTree = "<group>";
		};
		434D599424CD64C0007FEEFC /* Products */ = {
			isa = PBXGroup;
			children = (
				434D599324CD64C0007FEEFC /* 比較くん.app */,
			);
			name = Products;
			sourceTree = "<group>";
		};
		434D599524CD64C0007FEEFC /* HikakuKun */ = {
			isa = PBXGroup;
			children = (
				434D59B224CDAC07007FEEFC /* Common */,
				434D59AB24CD6DF9007FEEFC /* RealmClasses */,
				434D59AA24CD6A81007FEEFC /* Scenes */,
				434D599624CD64C0007FEEFC /* AppDelegate.swift */,
				434D599824CD64C0007FEEFC /* SceneDelegate.swift */,
				434D599F24CD64C4007FEEFC /* Assets.xcassets */,
				434D59A124CD64C4007FEEFC /* LaunchScreen.storyboard */,
				434D59A424CD64C4007FEEFC /* Info.plist */,
			);
			path = HikakuKun;
			sourceTree = "<group>";
		};
		434D59AA24CD6A81007FEEFC /* Scenes */ = {
			isa = PBXGroup;
			children = (
				434D599A24CD64C0007FEEFC /* ViewController.swift */,
				434D59B024CD88DE007FEEFC /* CompareMainVC.swift */,
			);
			path = Scenes;
			sourceTree = "<group>";
		};
		434D59AB24CD6DF9007FEEFC /* RealmClasses */ = {
			isa = PBXGroup;
			children = (
				434D59AE24CD7286007FEEFC /* CompareItemRealm.swift */,
				434D59AC24CD6E4F007FEEFC /* CompareContentsRealm.swift */,
			);
			path = RealmClasses;
			sourceTree = "<group>";
		};
		434D59B224CDAC07007FEEFC /* Common */ = {
			isa = PBXGroup;
			children = (
				434D59B324CDAC32007FEEFC /* PublicConstantValues.swift */,
				434D59B524D69332007FEEFC /* CommonMethods.swift */,
				434D59B724D6CEF4007FEEFC /* PublicValues.swift */,
			);
			path = Common;
			sourceTree = "<group>";
		};
		E1C9B48DDC34D01A4B21240C /* Pods */ = {
			isa = PBXGroup;
			children = (
				D8B131504AD174BD0970FBB2 /* Pods-HikakuKun.debug.xcconfig */,
				6E59BC89F815C39CF38F7197 /* Pods-HikakuKun.release.xcconfig */,
			);
			path = Pods;
			sourceTree = "<group>";
		};
/* End PBXGroup section */

/* Begin PBXNativeTarget section */
		434D599224CD64C0007FEEFC /* HikakuKun */ = {
			isa = PBXNativeTarget;
			buildConfigurationList = 434D59A724CD64C4007FEEFC /* Build configuration list for PBXNativeTarget "HikakuKun" */;
			buildPhases = (
				251B9A8159B6D6BFAC6A1100 /* [CP] Check Pods Manifest.lock */,
				434D598F24CD64C0007FEEFC /* Sources */,
				434D599024CD64C0007FEEFC /* Frameworks */,
				434D599124CD64C0007FEEFC /* Resources */,
				8A24F33AAAA40AF7A6BFBCB6 /* [CP] Embed Pods Frameworks */,
			);
			buildRules = (
			);
			dependencies = (
			);
			name = HikakuKun;
			productName = HikakuKun;
			productReference = 434D599324CD64C0007FEEFC /* 比較くん.app */;
			productType = "com.apple.product-type.application";
		};
/* End PBXNativeTarget section */

/* Begin PBXProject section */
		434D598B24CD64C0007FEEFC /* Project object */ = {
			isa = PBXProject;
			attributes = {
				LastSwiftUpdateCheck = 1160;
				LastUpgradeCheck = 1160;
				ORGANIZATIONNAME = "Nozomi Koyama";
				TargetAttributes = {
					434D599224CD64C0007FEEFC = {
						CreatedOnToolsVersion = 11.6;
					};
				};
			};
			buildConfigurationList = 434D598E24CD64C0007FEEFC /* Build configuration list for PBXProject "HikakuKun" */;
			compatibilityVersion = "Xcode 9.3";
			developmentRegion = en;
			hasScannedForEncodings = 0;
			knownRegions = (
				en,
				Base,
			);
			mainGroup = 434D598A24CD64C0007FEEFC;
			productRefGroup = 434D599424CD64C0007FEEFC /* Products */;
			projectDirPath = "";
			projectRoot = "";
			targets = (
				434D599224CD64C0007FEEFC /* HikakuKun */,
			);
		};
/* End PBXProject section */

/* Begin PBXResourcesBuildPhase section */
		434D599124CD64C0007FEEFC /* Resources */ = {
			isa = PBXResourcesBuildPhase;
			buildActionMask = 2147483647;
			files = (
				434D59A324CD64C4007FEEFC /* LaunchScreen.storyboard in Resources */,
				434D59A024CD64C4007FEEFC /* Assets.xcassets in Resources */,
			);
			runOnlyForDeploymentPostprocessing = 0;
		};
/* End PBXResourcesBuildPhase section */

/* Begin PBXShellScriptBuildPhase section */
		251B9A8159B6D6BFAC6A1100 /* [CP] Check Pods Manifest.lock */ = {
			isa = PBXShellScriptBuildPhase;
			buildActionMask = 2147483647;
			files = (
			);
			inputFileListPaths = (
			);
			inputPaths = (
				"${PODS_PODFILE_DIR_PATH}/Podfile.lock",
				"${PODS_ROOT}/Manifest.lock",
			);
			name = "[CP] Check Pods Manifest.lock";
			outputFileListPaths = (
			);
			outputPaths = (
				"$(DERIVED_FILE_DIR)/Pods-HikakuKun-checkManifestLockResult.txt",
			);
			runOnlyForDeploymentPostprocessing = 0;
			shellPath = /bin/sh;
			shellScript = "diff \"${PODS_PODFILE_DIR_PATH}/Podfile.lock\" \"${PODS_ROOT}/Manifest.lock\" > /dev/null\nif [ $? != 0 ] ; then\n    # print error to STDERR\n    echo \"error: The sandbox is not in sync with the Podfile.lock. Run 'pod install' or update your CocoaPods installation.\" >&2\n    exit 1\nfi\n# This output is used by Xcode 'outputs' to avoid re-running this script phase.\necho \"SUCCESS\" > \"${SCRIPT_OUTPUT_FILE_0}\"\n";
			showEnvVarsInLog = 0;
		};
		8A24F33AAAA40AF7A6BFBCB6 /* [CP] Embed Pods Frameworks */ = {
			isa = PBXShellScriptBuildPhase;
			buildActionMask = 2147483647;
			files = (
			);
			inputFileListPaths = (
				"${PODS_ROOT}/Target Support Files/Pods-HikakuKun/Pods-HikakuKun-frameworks-${CONFIGURATION}-input-files.xcfilelist",
			);
			name = "[CP] Embed Pods Frameworks";
			outputFileListPaths = (
				"${PODS_ROOT}/Target Support Files/Pods-HikakuKun/Pods-HikakuKun-frameworks-${CONFIGURATION}-output-files.xcfilelist",
			);
			runOnlyForDeploymentPostprocessing = 0;
			shellPath = /bin/sh;
			shellScript = "\"${PODS_ROOT}/Target Support Files/Pods-HikakuKun/Pods-HikakuKun-frameworks.sh\"\n";
			showEnvVarsInLog = 0;
		};
/* End PBXShellScriptBuildPhase section */

/* Begin PBXSourcesBuildPhase section */
		434D598F24CD64C0007FEEFC /* Sources */ = {
			isa = PBXSourcesBuildPhase;
			buildActionMask = 2147483647;
			files = (
				434D599B24CD64C0007FEEFC /* ViewController.swift in Sources */,
				434D599724CD64C0007FEEFC /* AppDelegate.swift in Sources */,
				434D59B824D6CEF4007FEEFC /* PublicValues.swift in Sources */,
				434D59B124CD88DE007FEEFC /* CompareMainVC.swift in Sources */,
				434D59B624D69332007FEEFC /* CommonMethods.swift in Sources */,
				434D59AF24CD7286007FEEFC /* CompareItemRealm.swift in Sources */,
				434D59AD24CD6E4F007FEEFC /* CompareContentsRealm.swift in Sources */,
				434D599924CD64C0007FEEFC /* SceneDelegate.swift in Sources */,
				434D59B424CDAC32007FEEFC /* PublicConstantValues.swift in Sources */,
			);
			runOnlyForDeploymentPostprocessing = 0;
		};
/* End PBXSourcesBuildPhase section */

/* Begin PBXVariantGroup section */
		434D59A124CD64C4007FEEFC /* LaunchScreen.storyboard */ = {
			isa = PBXVariantGroup;
			children = (
				434D59A224CD64C4007FEEFC /* Base */,
			);
			name = LaunchScreen.storyboard;
			sourceTree = "<group>";
		};
/* End PBXVariantGroup section */

/* Begin XCBuildConfiguration section */
		434D59A524CD64C4007FEEFC /* Debug */ = {
			isa = XCBuildConfiguration;
			buildSettings = {
				ALWAYS_SEARCH_USER_PATHS = NO;
				CLANG_ANALYZER_NONNULL = YES;
				CLANG_ANALYZER_NUMBER_OBJECT_CONVERSION = YES_AGGRESSIVE;
				CLANG_CXX_LANGUAGE_STANDARD = "gnu++14";
				CLANG_CXX_LIBRARY = "libc++";
				CLANG_ENABLE_MODULES = YES;
				CLANG_ENABLE_OBJC_ARC = YES;
				CLANG_ENABLE_OBJC_WEAK = YES;
				CLANG_WARN_BLOCK_CAPTURE_AUTORELEASING = YES;
				CLANG_WARN_BOOL_CONVERSION = YES;
				CLANG_WARN_COMMA = YES;
				CLANG_WARN_CONSTANT_CONVERSION = YES;
				CLANG_WARN_DEPRECATED_OBJC_IMPLEMENTATIONS = YES;
				CLANG_WARN_DIRECT_OBJC_ISA_USAGE = YES_ERROR;
				CLANG_WARN_DOCUMENTATION_COMMENTS = YES;
				CLANG_WARN_EMPTY_BODY = YES;
				CLANG_WARN_ENUM_CONVERSION = YES;
				CLANG_WARN_INFINITE_RECURSION = YES;
				CLANG_WARN_INT_CONVERSION = YES;
				CLANG_WARN_NON_LITERAL_NULL_CONVERSION = YES;
				CLANG_WARN_OBJC_IMPLICIT_RETAIN_SELF = YES;
				CLANG_WARN_OBJC_LITERAL_CONVERSION = YES;
				CLANG_WARN_OBJC_ROOT_CLASS = YES_ERROR;
				CLANG_WARN_RANGE_LOOP_ANALYSIS = YES;
				CLANG_WARN_STRICT_PROTOTYPES = YES;
				CLANG_WARN_SUSPICIOUS_MOVE = YES;
				CLANG_WARN_UNGUARDED_AVAILABILITY = YES_AGGRESSIVE;
				CLANG_WARN_UNREACHABLE_CODE = YES;
				CLANG_WARN__DUPLICATE_METHOD_MATCH = YES;
				COPY_PHASE_STRIP = NO;
				DEBUG_INFORMATION_FORMAT = dwarf;
				ENABLE_STRICT_OBJC_MSGSEND = YES;
				ENABLE_TESTABILITY = YES;
				GCC_C_LANGUAGE_STANDARD = gnu11;
				GCC_DYNAMIC_NO_PIC = NO;
				GCC_NO_COMMON_BLOCKS = YES;
				GCC_OPTIMIZATION_LEVEL = 0;
				GCC_PREPROCESSOR_DEFINITIONS = (
					"DEBUG=1",
					"$(inherited)",
				);
				GCC_WARN_64_TO_32_BIT_CONVERSION = YES;
				GCC_WARN_ABOUT_RETURN_TYPE = YES_ERROR;
				GCC_WARN_UNDECLARED_SELECTOR = YES;
				GCC_WARN_UNINITIALIZED_AUTOS = YES_AGGRESSIVE;
				GCC_WARN_UNUSED_FUNCTION = YES;
				GCC_WARN_UNUSED_VARIABLE = YES;
				IPHONEOS_DEPLOYMENT_TARGET = 13.6;
				MTL_ENABLE_DEBUG_INFO = INCLUDE_SOURCE;
				MTL_FAST_MATH = YES;
				ONLY_ACTIVE_ARCH = YES;
				SDKROOT = iphoneos;
				SWIFT_ACTIVE_COMPILATION_CONDITIONS = DEBUG;
				SWIFT_OPTIMIZATION_LEVEL = "-Onone";
			};
			name = Debug;
		};
		434D59A624CD64C4007FEEFC /* Release */ = {
			isa = XCBuildConfiguration;
			buildSettings = {
				ALWAYS_SEARCH_USER_PATHS = NO;
				CLANG_ANALYZER_NONNULL = YES;
				CLANG_ANALYZER_NUMBER_OBJECT_CONVERSION = YES_AGGRESSIVE;
				CLANG_CXX_LANGUAGE_STANDARD = "gnu++14";
				CLANG_CXX_LIBRARY = "libc++";
				CLANG_ENABLE_MODULES = YES;
				CLANG_ENABLE_OBJC_ARC = YES;
				CLANG_ENABLE_OBJC_WEAK = YES;
				CLANG_WARN_BLOCK_CAPTURE_AUTORELEASING = YES;
				CLANG_WARN_BOOL_CONVERSION = YES;
				CLANG_WARN_COMMA = YES;
				CLANG_WARN_CONSTANT_CONVERSION = YES;
				CLANG_WARN_DEPRECATED_OBJC_IMPLEMENTATIONS = YES;
				CLANG_WARN_DIRECT_OBJC_ISA_USAGE = YES_ERROR;
				CLANG_WARN_DOCUMENTATION_COMMENTS = YES;
				CLANG_WARN_EMPTY_BODY = YES;
				CLANG_WARN_ENUM_CONVERSION = YES;
				CLANG_WARN_INFINITE_RECURSION = YES;
				CLANG_WARN_INT_CONVERSION = YES;
				CLANG_WARN_NON_LITERAL_NULL_CONVERSION = YES;
				CLANG_WARN_OBJC_IMPLICIT_RETAIN_SELF = YES;
				CLANG_WARN_OBJC_LITERAL_CONVERSION = YES;
				CLANG_WARN_OBJC_ROOT_CLASS = YES_ERROR;
				CLANG_WARN_RANGE_LOOP_ANALYSIS = YES;
				CLANG_WARN_STRICT_PROTOTYPES = YES;
				CLANG_WARN_SUSPICIOUS_MOVE = YES;
				CLANG_WARN_UNGUARDED_AVAILABILITY = YES_AGGRESSIVE;
				CLANG_WARN_UNREACHABLE_CODE = YES;
				CLANG_WARN__DUPLICATE_METHOD_MATCH = YES;
				COPY_PHASE_STRIP = NO;
				DEBUG_INFORMATION_FORMAT = "dwarf-with-dsym";
				ENABLE_NS_ASSERTIONS = NO;
				ENABLE_STRICT_OBJC_MSGSEND = YES;
				GCC_C_LANGUAGE_STANDARD = gnu11;
				GCC_NO_COMMON_BLOCKS = YES;
				GCC_WARN_64_TO_32_BIT_CONVERSION = YES;
				GCC_WARN_ABOUT_RETURN_TYPE = YES_ERROR;
				GCC_WARN_UNDECLARED_SELECTOR = YES;
				GCC_WARN_UNINITIALIZED_AUTOS = YES_AGGRESSIVE;
				GCC_WARN_UNUSED_FUNCTION = YES;
				GCC_WARN_UNUSED_VARIABLE = YES;
				IPHONEOS_DEPLOYMENT_TARGET = 13.6;
				MTL_ENABLE_DEBUG_INFO = NO;
				MTL_FAST_MATH = YES;
				SDKROOT = iphoneos;
				SWIFT_COMPILATION_MODE = wholemodule;
				SWIFT_OPTIMIZATION_LEVEL = "-O";
				VALIDATE_PRODUCT = YES;
			};
			name = Release;
		};
		434D59A824CD64C4007FEEFC /* Debug */ = {
			isa = XCBuildConfiguration;
			baseConfigurationReference = D8B131504AD174BD0970FBB2 /* Pods-HikakuKun.debug.xcconfig */;
			buildSettings = {
				ASSETCATALOG_COMPILER_APPICON_NAME = AppIcon;
				CODE_SIGN_STYLE = Automatic;
				DEVELOPMENT_TEAM = RF83PA9DM8;
				INFOPLIST_FILE = HikakuKun/Info.plist;
				LD_RUNPATH_SEARCH_PATHS = (
					"$(inherited)",
					"@executable_path/Frameworks",
				);
				PRODUCT_BUNDLE_IDENTIFIER = com.n.koyama.HikakuKun;
				PRODUCT_NAME = "比較くん";
				SWIFT_VERSION = 5.0;
				TARGETED_DEVICE_FAMILY = "1,2";
			};
			name = Debug;
		};
		434D59A924CD64C4007FEEFC /* Release */ = {
			isa = XCBuildConfiguration;
			baseConfigurationReference = 6E59BC89F815C39CF38F7197 /* Pods-HikakuKun.release.xcconfig */;
			buildSettings = {
				ASSETCATALOG_COMPILER_APPICON_NAME = AppIcon;
				CODE_SIGN_STYLE = Automatic;
				DEVELOPMENT_TEAM = RF83PA9DM8;
				INFOPLIST_FILE = HikakuKun/Info.plist;
				LD_RUNPATH_SEARCH_PATHS = (
					"$(inherited)",
					"@executable_path/Frameworks",
				);
				PRODUCT_BUNDLE_IDENTIFIER = com.n.koyama.HikakuKun;
				PRODUCT_NAME = "比較くん";
				SWIFT_VERSION = 5.0;
				TARGETED_DEVICE_FAMILY = "1,2";
			};
			name = Release;
		};
/* End XCBuildConfiguration section */

/* Begin XCConfigurationList section */
		434D598E24CD64C0007FEEFC /* Build configuration list for PBXProject "HikakuKun" */ = {
			isa = XCConfigurationList;
			buildConfigurations = (
				434D59A524CD64C4007FEEFC /* Debug */,
				434D59A624CD64C4007FEEFC /* Release */,
			);
			defaultConfigurationIsVisible = 0;
			defaultConfigurationName = Release;
		};
		434D59A724CD64C4007FEEFC /* Build configuration list for PBXNativeTarget "HikakuKun" */ = {
			isa = XCConfigurationList;
			buildConfigurations = (
				434D59A824CD64C4007FEEFC /* Debug */,
				434D59A924CD64C4007FEEFC /* Release */,
			);
			defaultConfigurationIsVisible = 0;
			defaultConfigurationName = Release;
		};
/* End XCConfigurationList section */
	};
	rootObject = 434D598B24CD64C0007FEEFC /* Project object */;
}
